
Microsoft Visual Studio Solution File, Format Version 12.00
# Visual Studio Version 17
VisualStudioVersion = 17.12.35527.113 d17.12
MinimumVisualStudioVersion = 10.0.40219.1
Project("{FAE04EC0-301F-11D3-BF4B-00C04F79EFBC}") = "WebApplication5", "WebApplication5.csproj", "{BC97B793-BC1B-4729-AD38-830B0EA9FBAA}"
EndProject
Project("{2150E333-8FDC-42A3-9474-1A3956D46DE8}") = "Solution Items", "Solution Items", "{DFECCF2E-E797-4CB4-9FCB-53C16789118C}"
	ProjectSection(SolutionItems) = preProject
		buildspec.yml = buildspec.yml
		Procfile = Procfile
	EndProjectSection
EndProject
Global
	GlobalSection(SolutionConfigurationPlatforms) = preSolution
		Debug|Any CPU = Debug|Any CPU
		Release|Any CPU = Release|Any CPU
	EndGlobalSection
	GlobalSection(ProjectConfigurationPlatforms) = postSolution
		{BC97B793-BC1B-4729-AD38-830B0EA9FBAA}.Debug|Any CPU.ActiveCfg = Debug|Any CPU
		{BC97B793-BC1B-4729-AD38-830B0EA9FBAA}.Debug|Any CPU.Build.0 = Debug|Any CPU
		{BC97B793-BC1B-4729-AD38-830B0EA9FBAA}.Release|Any CPU.ActiveCfg = Release|Any CPU
		{BC97B793-BC1B-4729-AD38-830B0EA9FBAA}.Release|Any CPU.Build.0 = Release|Any CPU
	EndGlobalSection
	GlobalSection(SolutionProperties) = preSolution
		HideSolutionNode = FALSE
	EndGlobalSection
EndGlobal
